PODS:
  - Flutter (1.0.0)
  - flutter_zoom_meeting_sdk (1.0.0):
    - Flutter

DEPENDENCIES:
  - Flutter (from `Flutter`)
  - flutter_zoom_meeting_sdk (from `.symlinks/plugins/flutter_zoom_meeting_sdk/ios`)

EXTERNAL SOURCES:
  Flutter:
    :path: Flutter
  flutter_zoom_meeting_sdk:
    :path: ".symlinks/plugins/flutter_zoom_meeting_sdk/ios"

SPEC CHECKSUMS:
  Flutter: cabc95a1d2626b1b06e7179b784ebcf0c0cde467
  flutter_zoom_meeting_sdk: 7cbd631fbae5918f7a595d6e3dc26c21bf6c7dc0

PODFILE CHECKSUM: f958c10ad77d0ef39d46b42e91be3995a31c3678

COCOAPODS: 1.16.2
